
Microsoft Visual Studio Solution File, Format Version 12.00
Project("{2150E333-8FDC-42A3-9474-1A3956D46DE8}") = "src", "src", "{DFEBB55D-3D5C-41D0-8ACA-41AD16C45460}"
EndProject
Project("{2150E333-8FDC-42A3-9474-1A3956D46DE8}") = "Modules", "Modules", "{BBB455C3-9197-42CD-ADCD-A29334A9958B}"
EndProject
Project("{FAE04EC0-301F-11D3-BF4B-00C04F79EFBC}") = "Modules.Users.Domain", "src\Modules\Users\Modules.Users.Domain\Modules.Users.Domain.csproj", "{03E34258-1FC0-4DE5-ADFE-2E15EFA2A561}"
EndProject
Project("{FAE04EC0-301F-11D3-BF4B-00C04F79EFBC}") = "Modules.Users.Application", "src\Modules\Users\Modules.Users.Application\Modules.Users.Application.csproj", "{C0268EDE-72DA-45A3-942A-993E529A4B63}"
EndProject
Project("{2150E333-8FDC-42A3-9474-1A3956D46DE8}") = "Common", "Common", "{ADC55039-C61B-40B1-96DA-58B9C9CCE9BE}"
EndProject
Project("{FAE04EC0-301F-11D3-BF4B-00C04F79EFBC}") = "Common", "src\Common\Common\Common.csproj", "{8466AB9E-4BBB-4A1C-BA88-F628C4534373}"
EndProject
Project("{FAE04EC0-301F-11D3-BF4B-00C04F79EFBC}") = "Api", "src\Api\Api.csproj", "{CB859FAB-6EE2-4925-A082-7938BB5583F8}"
EndProject
Project("{FAE04EC0-301F-11D3-BF4B-00C04F79EFBC}") = "Modules.Users.Infrastructure", "src\Modules\Users\Modules.Users.Infrastructure\Modules.Users.Infrastructure.csproj", "{FBB67709-8D76-452B-ABEF-CA3AD3B487DC}"
EndProject
Project("{2150E333-8FDC-42A3-9474-1A3956D46DE8}") = "Users", "Users", "{98CD3A21-8D3C-462B-9791-D5D8BB75DC6B}"
EndProject
Project("{2150E333-8FDC-42A3-9474-1A3956D46DE8}") = "ExternalAccounts", "ExternalAccounts", "{2F9B82F5-1462-41D6-9E70-68E28155DE9A}"
EndProject
Project("{FAE04EC0-301F-11D3-BF4B-00C04F79EFBC}") = "Modules.ExternalAccounts.Domain", "src\Modules\ExternalAccounts\Modules.ExternalAccounts.Domain\Modules.ExternalAccounts.Domain.csproj", "{4D40CF85-1745-4FF4-9F0C-986EE3447F02}"
EndProject
Project("{FAE04EC0-301F-11D3-BF4B-00C04F79EFBC}") = "Modules.ExternalAccounts.Application", "src\Modules\ExternalAccounts\Modules.ExternalAccounts.Application\Modules.ExternalAccounts.Application.csproj", "{FF3F1C0C-A8F0-4878-A53C-7F7325F93C9E}"
EndProject
Project("{FAE04EC0-301F-11D3-BF4B-00C04F79EFBC}") = "Modules.ExternalAccounts.Infrastructure", "src\Modules\ExternalAccounts\Modules.ExternalAccounts.Infrastructure\Modules.ExternalAccounts.Infrastructure.csproj", "{6964156B-6D07-42CA-A45C-7524B83CF800}"
EndProject
Project("{FAE04EC0-301F-11D3-BF4B-00C04F79EFBC}") = "Modules.ExternalAccounts.Api", "src\Modules\ExternalAccounts\Modules.ExternalAccounts.Api\Modules.ExternalAccounts.Api.csproj", "{BA9AF391-B2F9-4810-A340-5A0166E256FE}"
EndProject
Project("{2150E333-8FDC-42A3-9474-1A3956D46DE8}") = "Analytics", "Analytics", "{FA3B806D-C985-4F57-997D-0BD1185A22FC}"
EndProject
Project("{FAE04EC0-301F-11D3-BF4B-00C04F79EFBC}") = "Modules.Analytics.Domain", "src\Modules\Analytics\Modules.Analytics.Domain\Modules.Analytics.Domain.csproj", "{9DDDEF38-327F-4BEC-9156-DACFCD91E03F}"
EndProject
Project("{FAE04EC0-301F-11D3-BF4B-00C04F79EFBC}") = "Modules.Analytics.Application", "src\Modules\Analytics\Modules.Analytics.Application\Modules.Analytics.Application.csproj", "{00F60254-C0B1-45CD-B070-EBD32AD0C174}"
EndProject
Project("{FAE04EC0-301F-11D3-BF4B-00C04F79EFBC}") = "Modules.Analytics.Infrastructure", "src\Modules\Analytics\Modules.Analytics.Infrastructure\Modules.Analytics.Infrastructure.csproj", "{AC621E96-66F8-4CE8-9142-8B8BA2174B49}"
EndProject
Project("{FAE04EC0-301F-11D3-BF4B-00C04F79EFBC}") = "Modules.Users.IntegrationEvents", "src\Modules\Users\Modules.Users.IntegrationEvents\Modules.Users.IntegrationEvents.csproj", "{78C21C17-D88D-40B7-8B91-3AB2377B174E}"
EndProject
Global
	GlobalSection(SolutionConfigurationPlatforms) = preSolution
		Debug|Any CPU = Debug|Any CPU
		Release|Any CPU = Release|Any CPU
	EndGlobalSection
	GlobalSection(NestedProjects) = preSolution
		{BBB455C3-9197-42CD-ADCD-A29334A9958B} = {DFEBB55D-3D5C-41D0-8ACA-41AD16C45460}
		{ADC55039-C61B-40B1-96DA-58B9C9CCE9BE} = {DFEBB55D-3D5C-41D0-8ACA-41AD16C45460}
		{8466AB9E-4BBB-4A1C-BA88-F628C4534373} = {ADC55039-C61B-40B1-96DA-58B9C9CCE9BE}
		{CB859FAB-6EE2-4925-A082-7938BB5583F8} = {DFEBB55D-3D5C-41D0-8ACA-41AD16C45460}
		{98CD3A21-8D3C-462B-9791-D5D8BB75DC6B} = {BBB455C3-9197-42CD-ADCD-A29334A9958B}
		{C0268EDE-72DA-45A3-942A-993E529A4B63} = {98CD3A21-8D3C-462B-9791-D5D8BB75DC6B}
		{03E34258-1FC0-4DE5-ADFE-2E15EFA2A561} = {98CD3A21-8D3C-462B-9791-D5D8BB75DC6B}
		{FBB67709-8D76-452B-ABEF-CA3AD3B487DC} = {98CD3A21-8D3C-462B-9791-D5D8BB75DC6B}
		{2F9B82F5-1462-41D6-9E70-68E28155DE9A} = {BBB455C3-9197-42CD-ADCD-A29334A9958B}
		{4D40CF85-1745-4FF4-9F0C-986EE3447F02} = {2F9B82F5-1462-41D6-9E70-68E28155DE9A}
		{FF3F1C0C-A8F0-4878-A53C-7F7325F93C9E} = {2F9B82F5-1462-41D6-9E70-68E28155DE9A}
		{6964156B-6D07-42CA-A45C-7524B83CF800} = {2F9B82F5-1462-41D6-9E70-68E28155DE9A}
		{BA9AF391-B2F9-4810-A340-5A0166E256FE} = {2F9B82F5-1462-41D6-9E70-68E28155DE9A}
		{FA3B806D-C985-4F57-997D-0BD1185A22FC} = {BBB455C3-9197-42CD-ADCD-A29334A9958B}
		{9DDDEF38-327F-4BEC-9156-DACFCD91E03F} = {FA3B806D-C985-4F57-997D-0BD1185A22FC}
		{00F60254-C0B1-45CD-B070-EBD32AD0C174} = {FA3B806D-C985-4F57-997D-0BD1185A22FC}
		{AC621E96-66F8-4CE8-9142-8B8BA2174B49} = {FA3B806D-C985-4F57-997D-0BD1185A22FC}
		{78C21C17-D88D-40B7-8B91-3AB2377B174E} = {98CD3A21-8D3C-462B-9791-D5D8BB75DC6B}
	EndGlobalSection
	GlobalSection(ProjectConfigurationPlatforms) = postSolution
		{03E34258-1FC0-4DE5-ADFE-2E15EFA2A561}.Debug|Any CPU.ActiveCfg = Debug|Any CPU
		{03E34258-1FC0-4DE5-ADFE-2E15EFA2A561}.Debug|Any CPU.Build.0 = Debug|Any CPU
		{03E34258-1FC0-4DE5-ADFE-2E15EFA2A561}.Release|Any CPU.ActiveCfg = Release|Any CPU
		{03E34258-1FC0-4DE5-ADFE-2E15EFA2A561}.Release|Any CPU.Build.0 = Release|Any CPU
		{C0268EDE-72DA-45A3-942A-993E529A4B63}.Debug|Any CPU.ActiveCfg = Debug|Any CPU
		{C0268EDE-72DA-45A3-942A-993E529A4B63}.Debug|Any CPU.Build.0 = Debug|Any CPU
		{C0268EDE-72DA-45A3-942A-993E529A4B63}.Release|Any CPU.ActiveCfg = Release|Any CPU
		{C0268EDE-72DA-45A3-942A-993E529A4B63}.Release|Any CPU.Build.0 = Release|Any CPU
		{8466AB9E-4BBB-4A1C-BA88-F628C4534373}.Debug|Any CPU.ActiveCfg = Debug|Any CPU
		{8466AB9E-4BBB-4A1C-BA88-F628C4534373}.Debug|Any CPU.Build.0 = Debug|Any CPU
		{8466AB9E-4BBB-4A1C-BA88-F628C4534373}.Release|Any CPU.ActiveCfg = Release|Any CPU
		{8466AB9E-4BBB-4A1C-BA88-F628C4534373}.Release|Any CPU.Build.0 = Release|Any CPU
		{CB859FAB-6EE2-4925-A082-7938BB5583F8}.Debug|Any CPU.ActiveCfg = Debug|Any CPU
		{CB859FAB-6EE2-4925-A082-7938BB5583F8}.Debug|Any CPU.Build.0 = Debug|Any CPU
		{CB859FAB-6EE2-4925-A082-7938BB5583F8}.Release|Any CPU.ActiveCfg = Release|Any CPU
		{CB859FAB-6EE2-4925-A082-7938BB5583F8}.Release|Any CPU.Build.0 = Release|Any CPU
		{FBB67709-8D76-452B-ABEF-CA3AD3B487DC}.Debug|Any CPU.ActiveCfg = Debug|Any CPU
		{FBB67709-8D76-452B-ABEF-CA3AD3B487DC}.Debug|Any CPU.Build.0 = Debug|Any CPU
		{FBB67709-8D76-452B-ABEF-CA3AD3B487DC}.Release|Any CPU.ActiveCfg = Release|Any CPU
		{FBB67709-8D76-452B-ABEF-CA3AD3B487DC}.Release|Any CPU.Build.0 = Release|Any CPU
		{4D40CF85-1745-4FF4-9F0C-986EE3447F02}.Debug|Any CPU.ActiveCfg = Debug|Any CPU
		{4D40CF85-1745-4FF4-9F0C-986EE3447F02}.Debug|Any CPU.Build.0 = Debug|Any CPU
		{4D40CF85-1745-4FF4-9F0C-986EE3447F02}.Release|Any CPU.ActiveCfg = Release|Any CPU
		{4D40CF85-1745-4FF4-9F0C-986EE3447F02}.Release|Any CPU.Build.0 = Release|Any CPU
		{FF3F1C0C-A8F0-4878-A53C-7F7325F93C9E}.Debug|Any CPU.ActiveCfg = Debug|Any CPU
		{FF3F1C0C-A8F0-4878-A53C-7F7325F93C9E}.Debug|Any CPU.Build.0 = Debug|Any CPU
		{FF3F1C0C-A8F0-4878-A53C-7F7325F93C9E}.Release|Any CPU.ActiveCfg = Release|Any CPU
		{FF3F1C0C-A8F0-4878-A53C-7F7325F93C9E}.Release|Any CPU.Build.0 = Release|Any CPU
		{6964156B-6D07-42CA-A45C-7524B83CF800}.Debug|Any CPU.ActiveCfg = Debug|Any CPU
		{6964156B-6D07-42CA-A45C-7524B83CF800}.Debug|Any CPU.Build.0 = Debug|Any CPU
		{6964156B-6D07-42CA-A45C-7524B83CF800}.Release|Any CPU.ActiveCfg = Release|Any CPU
		{6964156B-6D07-42CA-A45C-7524B83CF800}.Release|Any CPU.Build.0 = Release|Any CPU
		{BA9AF391-B2F9-4810-A340-5A0166E256FE}.Debug|Any CPU.ActiveCfg = Debug|Any CPU
		{BA9AF391-B2F9-4810-A340-5A0166E256FE}.Debug|Any CPU.Build.0 = Debug|Any CPU
		{BA9AF391-B2F9-4810-A340-5A0166E256FE}.Release|Any CPU.ActiveCfg = Release|Any CPU
		{BA9AF391-B2F9-4810-A340-5A0166E256FE}.Release|Any CPU.Build.0 = Release|Any CPU
		{9DDDEF38-327F-4BEC-9156-DACFCD91E03F}.Debug|Any CPU.ActiveCfg = Debug|Any CPU
		{9DDDEF38-327F-4BEC-9156-DACFCD91E03F}.Debug|Any CPU.Build.0 = Debug|Any CPU
		{9DDDEF38-327F-4BEC-9156-DACFCD91E03F}.Release|Any CPU.ActiveCfg = Release|Any CPU
		{9DDDEF38-327F-4BEC-9156-DACFCD91E03F}.Release|Any CPU.Build.0 = Release|Any CPU
		{00F60254-C0B1-45CD-B070-EBD32AD0C174}.Debug|Any CPU.ActiveCfg = Debug|Any CPU
		{00F60254-C0B1-45CD-B070-EBD32AD0C174}.Debug|Any CPU.Build.0 = Debug|Any CPU
		{00F60254-C0B1-45CD-B070-EBD32AD0C174}.Release|Any CPU.ActiveCfg = Release|Any CPU
		{00F60254-C0B1-45CD-B070-EBD32AD0C174}.Release|Any CPU.Build.0 = Release|Any CPU
		{AC621E96-66F8-4CE8-9142-8B8BA2174B49}.Debug|Any CPU.ActiveCfg = Debug|Any CPU
		{AC621E96-66F8-4CE8-9142-8B8BA2174B49}.Debug|Any CPU.Build.0 = Debug|Any CPU
		{AC621E96-66F8-4CE8-9142-8B8BA2174B49}.Release|Any CPU.ActiveCfg = Release|Any CPU
		{AC621E96-66F8-4CE8-9142-8B8BA2174B49}.Release|Any CPU.Build.0 = Release|Any CPU
		{78C21C17-D88D-40B7-8B91-3AB2377B174E}.Debug|Any CPU.ActiveCfg = Debug|Any CPU
		{78C21C17-D88D-40B7-8B91-3AB2377B174E}.Debug|Any CPU.Build.0 = Debug|Any CPU
		{78C21C17-D88D-40B7-8B91-3AB2377B174E}.Release|Any CPU.ActiveCfg = Release|Any CPU
		{78C21C17-D88D-40B7-8B91-3AB2377B174E}.Release|Any CPU.Build.0 = Release|Any CPU
	EndGlobalSection
EndGlobal
